
Microsoft Visual Studio Solution File, Format Version 12.00
# Visual Studio Version 16
VisualStudioVersion = 16.0.32228.343
MinimumVisualStudioVersion = 10.0.40219.1
Project("{FAE04EC0-301F-11D3-BF4B-00C04F79EFBC}") = "FirstWebApi_Talan", "FirstWebApi_Talan.csproj", "{E84D4E14-AB87-4C39-985C-61939C17E21F}"
EndProject
Global
	GlobalSection(SolutionConfigurationPlatforms) = preSolution
		Debug|Any CPU = Debug|Any CPU
		Release|Any CPU = Release|Any CPU
	EndGlobalSection
	GlobalSection(ProjectConfigurationPlatforms) = postSolution
		{E84D4E14-AB87-4C39-985C-61939C17E21F}.Debug|Any CPU.ActiveCfg = Debug|Any CPU
		{E84D4E14-AB87-4C39-985C-61939C17E21F}.Debug|Any CPU.Build.0 = Debug|Any CPU
		{E84D4E14-AB87-4C39-985C-61939C17E21F}.Release|Any CPU.ActiveCfg = Release|Any CPU
		{E84D4E14-AB87-4C39-985C-61939C17E21F}.Release|Any CPU.Build.0 = Release|Any CPU
	EndGlobalSection
	GlobalSection(SolutionProperties) = preSolution
		HideSolutionNode = FALSE
	EndGlobalSection
	GlobalSection(ExtensibilityGlobals) = postSolution
		SolutionGuid = {28F02C5D-F466-4E25-9258-756F65F729EE}
	EndGlobalSection
EndGlobal
